
Microsoft Visual Studio Solution File, Format Version 12.00
# Visual Studio Version 17
VisualStudioVersion = 17.3.32922.545
MinimumVisualStudioVersion = 10.0.40219.1
Project("{9A19103F-16F7-4668-BE54-9A1E7A4F7556}") = "MyTasksAndNotes", "MyTasksAndNotes\MyTasksAndNotes.csproj", "{0E140527-8515-4B51-BD0C-19ED05CBA3E2}"
EndProject
Global
	GlobalSection(SolutionConfigurationPlatforms) = preSolution
		Debug|Any CPU = Debug|Any CPU
		Release|Any CPU = Release|Any CPU
	EndGlobalSection
	GlobalSection(ProjectConfigurationPlatforms) = postSolution
		{0E140527-8515-4B51-BD0C-19ED05CBA3E2}.Debug|Any CPU.ActiveCfg = Debug|Any CPU
		{0E140527-8515-4B51-BD0C-19ED05CBA3E2}.Debug|Any CPU.Build.0 = Debug|Any CPU
		{0E140527-8515-4B51-BD0C-19ED05CBA3E2}.Release|Any CPU.ActiveCfg = Release|Any CPU
		{0E140527-8515-4B51-BD0C-19ED05CBA3E2}.Release|Any CPU.Build.0 = Release|Any CPU
	EndGlobalSection
	GlobalSection(SolutionProperties) = preSolution
		HideSolutionNode = FALSE
	EndGlobalSection
	GlobalSection(ExtensibilityGlobals) = postSolution
		SolutionGuid = {B1011E69-2A32-4E18-A539-C8BE9AB1BFC4}
	EndGlobalSection
EndGlobal
